schema: '2.0'
stages:
  get_data:
    cmd: python src/data/get_data.py
    deps:
    - path: src/data/get_data.py
      md5: 65a5d3690f9092aa1bab5647a89ffbee
      size: 953
    outs:
    - path: data/raw/a1_RestaurantReviews_HistoricDump.csv
      md5: 098f672ad137b32db26f7f400bc72a52
      size: 56185
  preprocess:
    cmd: python src/features/preprocess.py
    deps:
    - path: data/raw/a1_RestaurantReviews_HistoricDump.csv
      md5: 098f672ad137b32db26f7f400bc72a52
      size: 56185
    - path: src/features/preprocess.py
      md5: 9e6361a35617f0133b1817f84bca9288
      size: 2598
    outs:
    - path: data/processed/X.npy
      md5: 995938fe8b1da807571fce76124bd9d3
      size: 10224128
    - path: data/processed/y.npy
      md5: b80a2d74a94a02652bf37dcc4a2bba6d
      size: 7328
    - path: ml_models/preproccesing_object.pkl
      md5: 09977f2feef05e620d4cfd884a678a55
      size: 34146
  train_model:
    cmd: python src/models/train_model.py
    deps:
    - path: data/processed/X.npy
      md5: 995938fe8b1da807571fce76124bd9d3
      size: 10224128
    - path: data/processed/y.npy
      md5: b80a2d74a94a02652bf37dcc4a2bba6d
      size: 7328
    - path: src/models/train_model.py
      md5: a140aff084aaef5f9d29dd2f85fe1f02
      size: 1637
    outs:
    - path: ml_models/c2_Classifier_Sentiment_Model
      md5: 2d5a3a7cc92e92406be4edf52dd19be0
      size: 46215
    - path: ml_models/metrics/metrics.json
      md5: cd6f5fb4cb9281088914cac59ba8be5c
      size: 32
